// !$*UTF8*$!
{
	archiveVersion = 1;
	classes = {
	};
	objectVersion = 46;
	objects = {

/* Begin PBXBuildFile section */
		308D15A116EB185A0095957B /* UIKit.framework in Frameworks */ = {isa = PBXBuildFile; fileRef = 308D15A016EB185A0095957B /* UIKit.framework */; };
		308D15A316EB185A0095957B /* Foundation.framework in Frameworks */ = {isa = PBXBuildFile; fileRef = 308D15A216EB185A0095957B /* Foundation.framework */; };
		308D15A516EB185A0095957B /* CoreGraphics.framework in Frameworks */ = {isa = PBXBuildFile; fileRef = 308D15A416EB185A0095957B /* CoreGraphics.framework */; };
		308D15AB16EB185A0095957B /* InfoPlist.strings in Resources */ = {isa = PBXBuildFile; fileRef = 308D15A916EB185A0095957B /* InfoPlist.strings */; };
		308D15AD16EB185A0095957B /* main.m in Sources */ = {isa = PBXBuildFile; fileRef = 308D15AC16EB185A0095957B /* main.m */; };
		308D15C816EB18A10095957B /* MEAppDelegate.m in Sources */ = {isa = PBXBuildFile; fileRef = 308D15C616EB18A10095957B /* MEAppDelegate.m */; };
		308D15D616EB18E20095957B /* Default.png in Resources */ = {isa = PBXBuildFile; fileRef = 308D15CB16EB18E20095957B /* Default.png */; };
		308D15D716EB18E20095957B /* Default@2x.png in Resources */ = {isa = PBXBuildFile; fileRef = 308D15CC16EB18E20095957B /* Default@2x.png */; };
		308D15D816EB18E20095957B /* bar-back.png in Resources */ = {isa = PBXBuildFile; fileRef = 308D15CE16EB18E20095957B /* bar-back.png */; };
		308D15D916EB18E20095957B /* bar-back@2x.png in Resources */ = {isa = PBXBuildFile; fileRef = 308D15CF16EB18E20095957B /* bar-back@2x.png */; };
		308D15DA16EB18E20095957B /* tab1.png in Resources */ = {isa = PBXBuildFile; fileRef = 308D15D016EB18E20095957B /* tab1.png */; };
		308D15DB16EB18E20095957B /* tab1@2x.png in Resources */ = {isa = PBXBuildFile; fileRef = 308D15D116EB18E20095957B /* tab1@2x.png */; };
		308D15DC16EB18E20095957B /* tab2.png in Resources */ = {isa = PBXBuildFile; fileRef = 308D15D216EB18E20095957B /* tab2.png */; };
		308D15DD16EB18E20095957B /* tab2@2x.png in Resources */ = {isa = PBXBuildFile; fileRef = 308D15D316EB18E20095957B /* tab2@2x.png */; };
		308D15DE16EB18E20095957B /* tab3.png in Resources */ = {isa = PBXBuildFile; fileRef = 308D15D416EB18E20095957B /* tab3.png */; };
		308D15DF16EB18E20095957B /* tab3@2x.png in Resources */ = {isa = PBXBuildFile; fileRef = 308D15D516EB18E20095957B /* tab3@2x.png */; };
		308D15EA16EB30110095957B /* CatalogViewController.m in Sources */ = {isa = PBXBuildFile; fileRef = 308D15E916EB30110095957B /* CatalogViewController.m */; };
		308D15F216EB312F0095957B /* mem1.png in Resources */ = {isa = PBXBuildFile; fileRef = 308D15EC16EB312F0095957B /* mem1.png */; };
		308D15F316EB312F0095957B /* mem1@2x.png in Resources */ = {isa = PBXBuildFile; fileRef = 308D15ED16EB312F0095957B /* mem1@2x.png */; };
		308D15F416EB312F0095957B /* mem2.png in Resources */ = {isa = PBXBuildFile; fileRef = 308D15EE16EB312F0095957B /* mem2.png */; };
		308D15F516EB312F0095957B /* mem2@2x.png in Resources */ = {isa = PBXBuildFile; fileRef = 308D15EF16EB312F0095957B /* mem2@2x.png */; };
		308D15F616EB312F0095957B /* mem3.png in Resources */ = {isa = PBXBuildFile; fileRef = 308D15F016EB312F0095957B /* mem3.png */; };
		308D15F716EB312F0095957B /* mem3@2x.png in Resources */ = {isa = PBXBuildFile; fileRef = 308D15F116EB312F0095957B /* mem3@2x.png */; };
		308D15FA16EB3BE90095957B /* BaseNavigationController.m in Sources */ = {isa = PBXBuildFile; fileRef = 308D15F916EB3BE90095957B /* BaseNavigationController.m */; };
		308D15FE16EB3CF30095957B /* top_bar.png in Resources */ = {isa = PBXBuildFile; fileRef = 308D15FC16EB3CF30095957B /* top_bar.png */; };
		308D15FF16EB3CF30095957B /* top_bar@2x.png in Resources */ = {isa = PBXBuildFile; fileRef = 308D15FD16EB3CF30095957B /* top_bar@2x.png */; };
		308D160416EB803E0095957B /* BaseCollectionViewController.m in Sources */ = {isa = PBXBuildFile; fileRef = 308D160316EB803D0095957B /* BaseCollectionViewController.m */; };
		308D160716EB82080095957B /* photo_button.png in Resources */ = {isa = PBXBuildFile; fileRef = 308D160516EB82080095957B /* photo_button.png */; };
		308D160816EB82080095957B /* photo_button@2x.png in Resources */ = {isa = PBXBuildFile; fileRef = 308D160616EB82080095957B /* photo_button@2x.png */; };
		308D160C16EB84F80095957B /* DOMINO.TTF in Resources */ = {isa = PBXBuildFile; fileRef = 308D160A16EB84F80095957B /* DOMINO.TTF */; };
		308D160D16EB84F80095957B /* v_bd_cartoon_shout_cyr.ttf in Resources */ = {isa = PBXBuildFile; fileRef = 308D160B16EB84F80095957B /* v_bd_cartoon_shout_cyr.ttf */; };
		308D161016EC5A570095957B /* AboutViewController.m in Sources */ = {isa = PBXBuildFile; fileRef = 308D160F16EC5A570095957B /* AboutViewController.m */; };
		308D161316EC5AC20095957B /* BaseViewController.m in Sources */ = {isa = PBXBuildFile; fileRef = 308D161216EC5AC20095957B /* BaseViewController.m */; };
		308D161616EC5B980095957B /* back_button.png in Resources */ = {isa = PBXBuildFile; fileRef = 308D161416EC5B980095957B /* back_button.png */; };
		308D161716EC5B980095957B /* back_button@2x.png in Resources */ = {isa = PBXBuildFile; fileRef = 308D161516EC5B980095957B /* back_button@2x.png */; };
		308D162116EC64D50095957B /* button_next.png in Resources */ = {isa = PBXBuildFile; fileRef = 308D161916EC64D50095957B /* button_next.png */; };
		308D162216EC64D50095957B /* button_next@2x.png in Resources */ = {isa = PBXBuildFile; fileRef = 308D161A16EC64D50095957B /* button_next@2x.png */; };
		308D162316EC64D50095957B /* fb.png in Resources */ = {isa = PBXBuildFile; fileRef = 308D161B16EC64D50095957B /* fb.png */; };
		308D162416EC64D50095957B /* fb@2x.png in Resources */ = {isa = PBXBuildFile; fileRef = 308D161C16EC64D50095957B /* fb@2x.png */; };
		308D162516EC64D50095957B /* footer.png in Resources */ = {isa = PBXBuildFile; fileRef = 308D161D16EC64D50095957B /* footer.png */; };
		308D162616EC64D50095957B /* footer@2x.png in Resources */ = {isa = PBXBuildFile; fileRef = 308D161E16EC64D50095957B /* footer@2x.png */; };
		308D162716EC64D50095957B /* vk.png in Resources */ = {isa = PBXBuildFile; fileRef = 308D161F16EC64D50095957B /* vk.png */; };
		308D162816EC64D50095957B /* vk@2x.png in Resources */ = {isa = PBXBuildFile; fileRef = 308D162016EC64D50095957B /* vk@2x.png */; };
		308D162B16EC68B30095957B /* bg_papper.png in Resources */ = {isa = PBXBuildFile; fileRef = 308D162916EC68B30095957B /* bg_papper.png */; };
		308D162C16EC68B30095957B /* bg_papper@2x.png in Resources */ = {isa = PBXBuildFile; fileRef = 308D162A16EC68B30095957B /* bg_papper@2x.png */; };
		308D162F16ECCF0B0095957B /* CategoryMemsViewController.m in Sources */ = {isa = PBXBuildFile; fileRef = 308D162E16ECCF0B0095957B /* CategoryMemsViewController.m */; };
		308D163316ECD1410095957B /* MEMem.m in Sources */ = {isa = PBXBuildFile; fileRef = 308D163216ECD1410095957B /* MEMem.m */; };
		308D163616ECD3320095957B /* MEMemCategory.m in Sources */ = {isa = PBXBuildFile; fileRef = 308D163516ECD3320095957B /* MEMemCategory.m */; };
		308D163916ECD9FF0095957B /* MemViewController.m in Sources */ = {isa = PBXBuildFile; fileRef = 308D163816ECD9FF0095957B /* MemViewController.m */; };
		308D163F16ECDAB50095957B /* button-background.png in Resources */ = {isa = PBXBuildFile; fileRef = 308D163B16ECDAB50095957B /* button-background.png */; };
		308D164016ECDAB50095957B /* button-background@2x.png in Resources */ = {isa = PBXBuildFile; fileRef = 308D163C16ECDAB50095957B /* button-background@2x.png */; };
		308D164116ECDAB50095957B /* mem.png in Resources */ = {isa = PBXBuildFile; fileRef = 308D163D16ECDAB50095957B /* mem.png */; };
		308D164216ECDAB50095957B /* mem@2x.png in Resources */ = {isa = PBXBuildFile; fileRef = 308D163E16ECDAB50095957B /* mem@2x.png */; };
		308D164616ECE7450095957B /* SelectBackgroundViewController.m in Sources */ = {isa = PBXBuildFile; fileRef = 308D164516ECE7450095957B /* SelectBackgroundViewController.m */; };
		308D16B116EE53E20095957B /* QuartzCore.framework in Frameworks */ = {isa = PBXBuildFile; fileRef = 308D16B016EE53E10095957B /* QuartzCore.framework */; };
		308D16C616F0CBF80095957B /* InfColorBarPicker.m in Sources */ = {isa = PBXBuildFile; fileRef = 308D16B916F0CBF80095957B /* InfColorBarPicker.m */; };
		308D16C716F0CBF80095957B /* InfColorIndicatorView.m in Sources */ = {isa = PBXBuildFile; fileRef = 308D16BB16F0CBF80095957B /* InfColorIndicatorView.m */; };
		308D16C816F0CBF80095957B /* InfColorPickerController.m in Sources */ = {isa = PBXBuildFile; fileRef = 308D16BE16F0CBF80095957B /* InfColorPickerController.m */; };
		308D16CA16F0CBF80095957B /* InfColorSquarePicker.m in Sources */ = {isa = PBXBuildFile; fileRef = 308D16C116F0CBF80095957B /* InfColorSquarePicker.m */; };
		308D16CB16F0CBF80095957B /* InfHSBSupport.m in Sources */ = {isa = PBXBuildFile; fileRef = 308D16C316F0CBF80095957B /* InfHSBSupport.m */; };
		308D16CC16F0CBF80095957B /* InfSourceColorView.m in Sources */ = {isa = PBXBuildFile; fileRef = 308D16C516F0CBF80095957B /* InfSourceColorView.m */; };
		308D16D016F0D93C0095957B /* UIImage+Blank.m in Sources */ = {isa = PBXBuildFile; fileRef = 308D16CF16F0D93C0095957B /* UIImage+Blank.m */; };
		308D16D316F0E01E0095957B /* EditPhotoViewController.m in Sources */ = {isa = PBXBuildFile; fileRef = 308D16D216F0E01E0095957B /* EditPhotoViewController.m */; };
		308D16E516F0E5020095957B /* add_text.png in Resources */ = {isa = PBXBuildFile; fileRef = 308D16D516F0E5020095957B /* add_text.png */; };
		308D16E616F0E5020095957B /* add_text@2x.png in Resources */ = {isa = PBXBuildFile; fileRef = 308D16D616F0E5020095957B /* add_text@2x.png */; };
		308D16E716F0E5020095957B /* bg_menu.png in Resources */ = {isa = PBXBuildFile; fileRef = 308D16D716F0E5020095957B /* bg_menu.png */; };
		308D16E816F0E5020095957B /* bg_menu@2x.png in Resources */ = {isa = PBXBuildFile; fileRef = 308D16D816F0E5020095957B /* bg_menu@2x.png */; };
		308D16E916F0E5020095957B /* edit_photo_footer.png in Resources */ = {isa = PBXBuildFile; fileRef = 308D16D916F0E5020095957B /* edit_photo_footer.png */; };
		308D16EA16F0E5020095957B /* edit_photo_footer@2x.png in Resources */ = {isa = PBXBuildFile; fileRef = 308D16DA16F0E5020095957B /* edit_photo_footer@2x.png */; };
		308D16EB16F0E5020095957B /* edit_photo_navbar.png in Resources */ = {isa = PBXBuildFile; fileRef = 308D16DB16F0E5020095957B /* edit_photo_navbar.png */; };
		308D16EC16F0E5020095957B /* edit_photo_navbar@2x.png in Resources */ = {isa = PBXBuildFile; fileRef = 308D16DC16F0E5020095957B /* edit_photo_navbar@2x.png */; };
		308D16ED16F0E5020095957B /* open_button.png in Resources */ = {isa = PBXBuildFile; fileRef = 308D16DD16F0E5020095957B /* open_button.png */; };
		308D16EE16F0E5020095957B /* open_button@2x.png in Resources */ = {isa = PBXBuildFile; fileRef = 308D16DE16F0E5020095957B /* open_button@2x.png */; };
		308D16EF16F0E5020095957B /* question.png in Resources */ = {isa = PBXBuildFile; fileRef = 308D16DF16F0E5020095957B /* question.png */; };
		308D16F016F0E5020095957B /* question@2x.png in Resources */ = {isa = PBXBuildFile; fileRef = 308D16E016F0E5020095957B /* question@2x.png */; };
		308D16F116F0E5020095957B /* recycle.png in Resources */ = {isa = PBXBuildFile; fileRef = 308D16E116F0E5020095957B /* recycle.png */; };
		308D16F216F0E5020095957B /* recycle@2x.png in Resources */ = {isa = PBXBuildFile; fileRef = 308D16E216F0E5020095957B /* recycle@2x.png */; };
		308D16F316F0E5020095957B /* refresh_icon.png in Resources */ = {isa = PBXBuildFile; fileRef = 308D16E316F0E5020095957B /* refresh_icon.png */; };
		308D16F416F0E5020095957B /* refresh_icon@2x.png in Resources */ = {isa = PBXBuildFile; fileRef = 308D16E416F0E5020095957B /* refresh_icon@2x.png */; };
		8B9DEB2A16F1F67F009ECD2F /* iPhone.storyboard in Resources */ = {isa = PBXBuildFile; fileRef = 8B9DEB2916F1F67F009ECD2F /* iPhone.storyboard */; };
/* End PBXBuildFile section */

/* Begin PBXFileReference section */
		308D159D16EB185A0095957B /* ios-mems.app */ = {isa = PBXFileReference; explicitFileType = wrapper.application; includeInIndex = 0; path = "ios-mems.app"; sourceTree = BUILT_PRODUCTS_DIR; };
		308D15A016EB185A0095957B /* UIKit.framework */ = {isa = PBXFileReference; lastKnownFileType = wrapper.framework; name = UIKit.framework; path = System/Library/Frameworks/UIKit.framework; sourceTree = SDKROOT; };
		308D15A216EB185A0095957B /* Foundation.framework */ = {isa = PBXFileReference; lastKnownFileType = wrapper.framework; name = Foundation.framework; path = System/Library/Frameworks/Foundation.framework; sourceTree = SDKROOT; };
		308D15A416EB185A0095957B /* CoreGraphics.framework */ = {isa = PBXFileReference; lastKnownFileType = wrapper.framework; name = CoreGraphics.framework; path = System/Library/Frameworks/CoreGraphics.framework; sourceTree = SDKROOT; };
		308D15A816EB185A0095957B /* ios-mems-Info.plist */ = {isa = PBXFileReference; lastKnownFileType = text.plist.xml; path = "ios-mems-Info.plist"; sourceTree = "<group>"; };
		308D15AA16EB185A0095957B /* en */ = {isa = PBXFileReference; lastKnownFileType = text.plist.strings; name = en; path = en.lproj/InfoPlist.strings; sourceTree = "<group>"; };
		308D15AC16EB185A0095957B /* main.m */ = {isa = PBXFileReference; lastKnownFileType = sourcecode.c.objc; path = main.m; sourceTree = "<group>"; };
		308D15AE16EB185A0095957B /* ios-mems-Prefix.pch */ = {isa = PBXFileReference; lastKnownFileType = sourcecode.c.h; path = "ios-mems-Prefix.pch"; sourceTree = "<group>"; };
		308D15C516EB18A10095957B /* MEAppDelegate.h */ = {isa = PBXFileReference; fileEncoding = 4; lastKnownFileType = sourcecode.c.h; path = MEAppDelegate.h; sourceTree = "<group>"; };
		308D15C616EB18A10095957B /* MEAppDelegate.m */ = {isa = PBXFileReference; fileEncoding = 4; lastKnownFileType = sourcecode.c.objc; path = MEAppDelegate.m; sourceTree = "<group>"; };
		308D15CB16EB18E20095957B /* Default.png */ = {isa = PBXFileReference; lastKnownFileType = image.png; path = Default.png; sourceTree = "<group>"; };
		308D15CC16EB18E20095957B /* Default@2x.png */ = {isa = PBXFileReference; lastKnownFileType = image.png; path = "Default@2x.png"; sourceTree = "<group>"; };
		308D15CE16EB18E20095957B /* bar-back.png */ = {isa = PBXFileReference; lastKnownFileType = image.png; path = "bar-back.png"; sourceTree = "<group>"; };
		308D15CF16EB18E20095957B /* bar-back@2x.png */ = {isa = PBXFileReference; lastKnownFileType = image.png; path = "bar-back@2x.png"; sourceTree = "<group>"; };
		308D15D016EB18E20095957B /* tab1.png */ = {isa = PBXFileReference; lastKnownFileType = image.png; path = tab1.png; sourceTree = "<group>"; };
		308D15D116EB18E20095957B /* tab1@2x.png */ = {isa = PBXFileReference; lastKnownFileType = image.png; path = "tab1@2x.png"; sourceTree = "<group>"; };
		308D15D216EB18E20095957B /* tab2.png */ = {isa = PBXFileReference; lastKnownFileType = image.png; path = tab2.png; sourceTree = "<group>"; };
		308D15D316EB18E20095957B /* tab2@2x.png */ = {isa = PBXFileReference; lastKnownFileType = image.png; path = "tab2@2x.png"; sourceTree = "<group>"; };
		308D15D416EB18E20095957B /* tab3.png */ = {isa = PBXFileReference; lastKnownFileType = image.png; path = tab3.png; sourceTree = "<group>"; };
		308D15D516EB18E20095957B /* tab3@2x.png */ = {isa = PBXFileReference; lastKnownFileType = image.png; path = "tab3@2x.png"; sourceTree = "<group>"; };
		308D15E816EB30110095957B /* CatalogViewController.h */ = {isa = PBXFileReference; fileEncoding = 4; lastKnownFileType = sourcecode.c.h; path = CatalogViewController.h; sourceTree = "<group>"; };
		308D15E916EB30110095957B /* CatalogViewController.m */ = {isa = PBXFileReference; fileEncoding = 4; lastKnownFileType = sourcecode.c.objc; path = CatalogViewController.m; sourceTree = "<group>"; };
		308D15EC16EB312F0095957B /* mem1.png */ = {isa = PBXFileReference; lastKnownFileType = image.png; path = mem1.png; sourceTree = "<group>"; };
		308D15ED16EB312F0095957B /* mem1@2x.png */ = {isa = PBXFileReference; lastKnownFileType = image.png; path = "mem1@2x.png"; sourceTree = "<group>"; };
		308D15EE16EB312F0095957B /* mem2.png */ = {isa = PBXFileReference; lastKnownFileType = image.png; path = mem2.png; sourceTree = "<group>"; };
		308D15EF16EB312F0095957B /* mem2@2x.png */ = {isa = PBXFileReference; lastKnownFileType = image.png; path = "mem2@2x.png"; sourceTree = "<group>"; };
		308D15F016EB312F0095957B /* mem3.png */ = {isa = PBXFileReference; lastKnownFileType = image.png; path = mem3.png; sourceTree = "<group>"; };
		308D15F116EB312F0095957B /* mem3@2x.png */ = {isa = PBXFileReference; lastKnownFileType = image.png; path = "mem3@2x.png"; sourceTree = "<group>"; };
		308D15F816EB3BE90095957B /* BaseNavigationController.h */ = {isa = PBXFileReference; fileEncoding = 4; lastKnownFileType = sourcecode.c.h; path = BaseNavigationController.h; sourceTree = "<group>"; };
		308D15F916EB3BE90095957B /* BaseNavigationController.m */ = {isa = PBXFileReference; fileEncoding = 4; lastKnownFileType = sourcecode.c.objc; path = BaseNavigationController.m; sourceTree = "<group>"; };
		308D15FC16EB3CF30095957B /* top_bar.png */ = {isa = PBXFileReference; lastKnownFileType = image.png; path = top_bar.png; sourceTree = "<group>"; };
		308D15FD16EB3CF30095957B /* top_bar@2x.png */ = {isa = PBXFileReference; lastKnownFileType = image.png; path = "top_bar@2x.png"; sourceTree = "<group>"; };
		308D160216EB803D0095957B /* BaseCollectionViewController.h */ = {isa = PBXFileReference; fileEncoding = 4; lastKnownFileType = sourcecode.c.h; path = BaseCollectionViewController.h; sourceTree = "<group>"; };
		308D160316EB803D0095957B /* BaseCollectionViewController.m */ = {isa = PBXFileReference; fileEncoding = 4; lastKnownFileType = sourcecode.c.objc; path = BaseCollectionViewController.m; sourceTree = "<group>"; };
		308D160516EB82080095957B /* photo_button.png */ = {isa = PBXFileReference; lastKnownFileType = image.png; path = photo_button.png; sourceTree = "<group>"; };
		308D160616EB82080095957B /* photo_button@2x.png */ = {isa = PBXFileReference; lastKnownFileType = image.png; path = "photo_button@2x.png"; sourceTree = "<group>"; };
		308D160A16EB84F80095957B /* DOMINO.TTF */ = {isa = PBXFileReference; lastKnownFileType = file; path = DOMINO.TTF; sourceTree = "<group>"; };
		308D160B16EB84F80095957B /* v_bd_cartoon_shout_cyr.ttf */ = {isa = PBXFileReference; lastKnownFileType = file; path = v_bd_cartoon_shout_cyr.ttf; sourceTree = "<group>"; };
		308D160E16EC5A570095957B /* AboutViewController.h */ = {isa = PBXFileReference; fileEncoding = 4; lastKnownFileType = sourcecode.c.h; path = AboutViewController.h; sourceTree = "<group>"; };
		308D160F16EC5A570095957B /* AboutViewController.m */ = {isa = PBXFileReference; fileEncoding = 4; lastKnownFileType = sourcecode.c.objc; path = AboutViewController.m; sourceTree = "<group>"; };
		308D161116EC5AC10095957B /* BaseViewController.h */ = {isa = PBXFileReference; fileEncoding = 4; lastKnownFileType = sourcecode.c.h; path = BaseViewController.h; sourceTree = "<group>"; };
		308D161216EC5AC20095957B /* BaseViewController.m */ = {isa = PBXFileReference; fileEncoding = 4; lastKnownFileType = sourcecode.c.objc; path = BaseViewController.m; sourceTree = "<group>"; };
		308D161416EC5B980095957B /* back_button.png */ = {isa = PBXFileReference; lastKnownFileType = image.png; path = back_button.png; sourceTree = "<group>"; };
		308D161516EC5B980095957B /* back_button@2x.png */ = {isa = PBXFileReference; lastKnownFileType = image.png; path = "back_button@2x.png"; sourceTree = "<group>"; };
		308D161916EC64D50095957B /* button_next.png */ = {isa = PBXFileReference; lastKnownFileType = image.png; path = button_next.png; sourceTree = "<group>"; };
		308D161A16EC64D50095957B /* button_next@2x.png */ = {isa = PBXFileReference; lastKnownFileType = image.png; path = "button_next@2x.png"; sourceTree = "<group>"; };
		308D161B16EC64D50095957B /* fb.png */ = {isa = PBXFileReference; lastKnownFileType = image.png; path = fb.png; sourceTree = "<group>"; };
		308D161C16EC64D50095957B /* fb@2x.png */ = {isa = PBXFileReference; lastKnownFileType = image.png; path = "fb@2x.png"; sourceTree = "<group>"; };
		308D161D16EC64D50095957B /* footer.png */ = {isa = PBXFileReference; lastKnownFileType = image.png; path = footer.png; sourceTree = "<group>"; };
		308D161E16EC64D50095957B /* footer@2x.png */ = {isa = PBXFileReference; lastKnownFileType = image.png; path = "footer@2x.png"; sourceTree = "<group>"; };
		308D161F16EC64D50095957B /* vk.png */ = {isa = PBXFileReference; lastKnownFileType = image.png; path = vk.png; sourceTree = "<group>"; };
		308D162016EC64D50095957B /* vk@2x.png */ = {isa = PBXFileReference; lastKnownFileType = image.png; path = "vk@2x.png"; sourceTree = "<group>"; };
		308D162916EC68B30095957B /* bg_papper.png */ = {isa = PBXFileReference; lastKnownFileType = image.png; path = bg_papper.png; sourceTree = "<group>"; };
		308D162A16EC68B30095957B /* bg_papper@2x.png */ = {isa = PBXFileReference; lastKnownFileType = image.png; path = "bg_papper@2x.png"; sourceTree = "<group>"; };
		308D162D16ECCF0B0095957B /* CategoryMemsViewController.h */ = {isa = PBXFileReference; fileEncoding = 4; lastKnownFileType = sourcecode.c.h; path = CategoryMemsViewController.h; sourceTree = "<group>"; };
		308D162E16ECCF0B0095957B /* CategoryMemsViewController.m */ = {isa = PBXFileReference; fileEncoding = 4; lastKnownFileType = sourcecode.c.objc; path = CategoryMemsViewController.m; sourceTree = "<group>"; };
		308D163116ECD1410095957B /* MEMem.h */ = {isa = PBXFileReference; fileEncoding = 4; lastKnownFileType = sourcecode.c.h; path = MEMem.h; sourceTree = "<group>"; };
		308D163216ECD1410095957B /* MEMem.m */ = {isa = PBXFileReference; fileEncoding = 4; lastKnownFileType = sourcecode.c.objc; path = MEMem.m; sourceTree = "<group>"; };
		308D163416ECD3320095957B /* MEMemCategory.h */ = {isa = PBXFileReference; fileEncoding = 4; lastKnownFileType = sourcecode.c.h; path = MEMemCategory.h; sourceTree = "<group>"; };
		308D163516ECD3320095957B /* MEMemCategory.m */ = {isa = PBXFileReference; fileEncoding = 4; lastKnownFileType = sourcecode.c.objc; path = MEMemCategory.m; sourceTree = "<group>"; };
		308D163716ECD9FF0095957B /* MemViewController.h */ = {isa = PBXFileReference; fileEncoding = 4; lastKnownFileType = sourcecode.c.h; path = MemViewController.h; sourceTree = "<group>"; };
		308D163816ECD9FF0095957B /* MemViewController.m */ = {isa = PBXFileReference; fileEncoding = 4; lastKnownFileType = sourcecode.c.objc; path = MemViewController.m; sourceTree = "<group>"; };
		308D163B16ECDAB50095957B /* button-background.png */ = {isa = PBXFileReference; lastKnownFileType = image.png; path = "button-background.png"; sourceTree = "<group>"; };
		308D163C16ECDAB50095957B /* button-background@2x.png */ = {isa = PBXFileReference; lastKnownFileType = image.png; path = "button-background@2x.png"; sourceTree = "<group>"; };
		308D163D16ECDAB50095957B /* mem.png */ = {isa = PBXFileReference; lastKnownFileType = image.png; path = mem.png; sourceTree = "<group>"; };
		308D163E16ECDAB50095957B /* mem@2x.png */ = {isa = PBXFileReference; lastKnownFileType = image.png; path = "mem@2x.png"; sourceTree = "<group>"; };
		308D164416ECE7450095957B /* SelectBackgroundViewController.h */ = {isa = PBXFileReference; fileEncoding = 4; lastKnownFileType = sourcecode.c.h; path = SelectBackgroundViewController.h; sourceTree = "<group>"; };
		308D164516ECE7450095957B /* SelectBackgroundViewController.m */ = {isa = PBXFileReference; fileEncoding = 4; lastKnownFileType = sourcecode.c.objc; path = SelectBackgroundViewController.m; sourceTree = "<group>"; };
		308D16B016EE53E10095957B /* QuartzCore.framework */ = {isa = PBXFileReference; lastKnownFileType = wrapper.framework; name = QuartzCore.framework; path = System/Library/Frameworks/QuartzCore.framework; sourceTree = SDKROOT; };
		308D16B816F0CBF80095957B /* InfColorBarPicker.h */ = {isa = PBXFileReference; fileEncoding = 4; lastKnownFileType = sourcecode.c.h; path = InfColorBarPicker.h; sourceTree = "<group>"; };
		308D16B916F0CBF80095957B /* InfColorBarPicker.m */ = {isa = PBXFileReference; fileEncoding = 4; lastKnownFileType = sourcecode.c.objc; path = InfColorBarPicker.m; sourceTree = "<group>"; };
		308D16BA16F0CBF80095957B /* InfColorIndicatorView.h */ = {isa = PBXFileReference; fileEncoding = 4; lastKnownFileType = sourcecode.c.h; path = InfColorIndicatorView.h; sourceTree = "<group>"; };
		308D16BB16F0CBF80095957B /* InfColorIndicatorView.m */ = {isa = PBXFileReference; fileEncoding = 4; lastKnownFileType = sourcecode.c.objc; path = InfColorIndicatorView.m; sourceTree = "<group>"; };
		308D16BC16F0CBF80095957B /* InfColorPicker.h */ = {isa = PBXFileReference; fileEncoding = 4; lastKnownFileType = sourcecode.c.h; path = InfColorPicker.h; sourceTree = "<group>"; };
		308D16BD16F0CBF80095957B /* InfColorPickerController.h */ = {isa = PBXFileReference; fileEncoding = 4; lastKnownFileType = sourcecode.c.h; path = InfColorPickerController.h; sourceTree = "<group>"; };
		308D16BE16F0CBF80095957B /* InfColorPickerController.m */ = {isa = PBXFileReference; fileEncoding = 4; lastKnownFileType = sourcecode.c.objc; path = InfColorPickerController.m; sourceTree = "<group>"; };
		308D16C016F0CBF80095957B /* InfColorSquarePicker.h */ = {isa = PBXFileReference; fileEncoding = 4; lastKnownFileType = sourcecode.c.h; path = InfColorSquarePicker.h; sourceTree = "<group>"; };
		308D16C116F0CBF80095957B /* InfColorSquarePicker.m */ = {isa = PBXFileReference; fileEncoding = 4; lastKnownFileType = sourcecode.c.objc; path = InfColorSquarePicker.m; sourceTree = "<group>"; };
		308D16C216F0CBF80095957B /* InfHSBSupport.h */ = {isa = PBXFileReference; fileEncoding = 4; lastKnownFileType = sourcecode.c.h; path = InfHSBSupport.h; sourceTree = "<group>"; };
		308D16C316F0CBF80095957B /* InfHSBSupport.m */ = {isa = PBXFileReference; fileEncoding = 4; lastKnownFileType = sourcecode.c.objc; path = InfHSBSupport.m; sourceTree = "<group>"; };
		308D16C416F0CBF80095957B /* InfSourceColorView.h */ = {isa = PBXFileReference; fileEncoding = 4; lastKnownFileType = sourcecode.c.h; path = InfSourceColorView.h; sourceTree = "<group>"; };
		308D16C516F0CBF80095957B /* InfSourceColorView.m */ = {isa = PBXFileReference; fileEncoding = 4; lastKnownFileType = sourcecode.c.objc; path = InfSourceColorView.m; sourceTree = "<group>"; };
		308D16CE16F0D93C0095957B /* UIImage+Blank.h */ = {isa = PBXFileReference; fileEncoding = 4; lastKnownFileType = sourcecode.c.h; path = "UIImage+Blank.h"; sourceTree = "<group>"; };
		308D16CF16F0D93C0095957B /* UIImage+Blank.m */ = {isa = PBXFileReference; fileEncoding = 4; lastKnownFileType = sourcecode.c.objc; path = "UIImage+Blank.m"; sourceTree = "<group>"; };
		308D16D116F0E01E0095957B /* EditPhotoViewController.h */ = {isa = PBXFileReference; fileEncoding = 4; lastKnownFileType = sourcecode.c.h; path = EditPhotoViewController.h; sourceTree = "<group>"; };
		308D16D216F0E01E0095957B /* EditPhotoViewController.m */ = {isa = PBXFileReference; fileEncoding = 4; lastKnownFileType = sourcecode.c.objc; path = EditPhotoViewController.m; sourceTree = "<group>"; };
		308D16D516F0E5020095957B /* add_text.png */ = {isa = PBXFileReference; lastKnownFileType = image.png; path = add_text.png; sourceTree = "<group>"; };
		308D16D616F0E5020095957B /* add_text@2x.png */ = {isa = PBXFileReference; lastKnownFileType = image.png; path = "add_text@2x.png"; sourceTree = "<group>"; };
		308D16D716F0E5020095957B /* bg_menu.png */ = {isa = PBXFileReference; lastKnownFileType = image.png; path = bg_menu.png; sourceTree = "<group>"; };
		308D16D816F0E5020095957B /* bg_menu@2x.png */ = {isa = PBXFileReference; lastKnownFileType = image.png; path = "bg_menu@2x.png"; sourceTree = "<group>"; };
		308D16D916F0E5020095957B /* edit_photo_footer.png */ = {isa = PBXFileReference; lastKnownFileType = image.png; path = edit_photo_footer.png; sourceTree = "<group>"; };
		308D16DA16F0E5020095957B /* edit_photo_footer@2x.png */ = {isa = PBXFileReference; lastKnownFileType = image.png; path = "edit_photo_footer@2x.png"; sourceTree = "<group>"; };
		308D16DB16F0E5020095957B /* edit_photo_navbar.png */ = {isa = PBXFileReference; lastKnownFileType = image.png; path = edit_photo_navbar.png; sourceTree = "<group>"; };
		308D16DC16F0E5020095957B /* edit_photo_navbar@2x.png */ = {isa = PBXFileReference; lastKnownFileType = image.png; path = "edit_photo_navbar@2x.png"; sourceTree = "<group>"; };
		308D16DD16F0E5020095957B /* open_button.png */ = {isa = PBXFileReference; lastKnownFileType = image.png; path = open_button.png; sourceTree = "<group>"; };
		308D16DE16F0E5020095957B /* open_button@2x.png */ = {isa = PBXFileReference; lastKnownFileType = image.png; path = "open_button@2x.png"; sourceTree = "<group>"; };
		308D16DF16F0E5020095957B /* question.png */ = {isa = PBXFileReference; lastKnownFileType = image.png; path = question.png; sourceTree = "<group>"; };
		308D16E016F0E5020095957B /* question@2x.png */ = {isa = PBXFileReference; lastKnownFileType = image.png; path = "question@2x.png"; sourceTree = "<group>"; };
		308D16E116F0E5020095957B /* recycle.png */ = {isa = PBXFileReference; lastKnownFileType = image.png; path = recycle.png; sourceTree = "<group>"; };
		308D16E216F0E5020095957B /* recycle@2x.png */ = {isa = PBXFileReference; lastKnownFileType = image.png; path = "recycle@2x.png"; sourceTree = "<group>"; };
		308D16E316F0E5020095957B /* refresh_icon.png */ = {isa = PBXFileReference; lastKnownFileType = image.png; path = refresh_icon.png; sourceTree = "<group>"; };
		308D16E416F0E5020095957B /* refresh_icon@2x.png */ = {isa = PBXFileReference; lastKnownFileType = image.png; path = "refresh_icon@2x.png"; sourceTree = "<group>"; };
		8B9DEB2916F1F67F009ECD2F /* iPhone.storyboard */ = {isa = PBXFileReference; fileEncoding = 4; lastKnownFileType = file.storyboard; path = iPhone.storyboard; sourceTree = "<group>"; };
/* End PBXFileReference section */

/* Begin PBXFrameworksBuildPhase section */
		308D159A16EB185A0095957B /* Frameworks */ = {
			isa = PBXFrameworksBuildPhase;
			buildActionMask = 2147483647;
			files = (
				308D16B116EE53E20095957B /* QuartzCore.framework in Frameworks */,
				308D15A116EB185A0095957B /* UIKit.framework in Frameworks */,
				308D15A316EB185A0095957B /* Foundation.framework in Frameworks */,
				308D15A516EB185A0095957B /* CoreGraphics.framework in Frameworks */,
			);
			runOnlyForDeploymentPostprocessing = 0;
		};
/* End PBXFrameworksBuildPhase section */

/* Begin PBXGroup section */
		308D159416EB185A0095957B = {
			isa = PBXGroup;
			children = (
				308D16B016EE53E10095957B /* QuartzCore.framework */,
				308D15A616EB185A0095957B /* ios-mems */,
				308D159F16EB185A0095957B /* Frameworks */,
				308D159E16EB185A0095957B /* Products */,
			);
			sourceTree = "<group>";
		};
		308D159E16EB185A0095957B /* Products */ = {
			isa = PBXGroup;
			children = (
				308D159D16EB185A0095957B /* ios-mems.app */,
			);
			name = Products;
			sourceTree = "<group>";
		};
		308D159F16EB185A0095957B /* Frameworks */ = {
			isa = PBXGroup;
			children = (
				308D15A016EB185A0095957B /* UIKit.framework */,
				308D15A216EB185A0095957B /* Foundation.framework */,
				308D15A416EB185A0095957B /* CoreGraphics.framework */,
			);
			name = Frameworks;
			sourceTree = "<group>";
		};
		308D15A616EB185A0095957B /* ios-mems */ = {
			isa = PBXGroup;
			children = (
				308D16B616F0CBF80095957B /* Vendor */,
				308D16B216EF787A0095957B /* Classes */,
				308D15E116EB19540095957B /* Controllers */,
				308D15E216EB19540095957B /* Model */,
				308D15C316EB18A10095957B /* Application */,
				308D15C916EB18E20095957B /* Resources */,
				308D15A716EB185A0095957B /* Supporting Files */,
			);
			path = "ios-mems";
			sourceTree = "<group>";
		};
		308D15A716EB185A0095957B /* Supporting Files */ = {
			isa = PBXGroup;
			children = (
				308D15A816EB185A0095957B /* ios-mems-Info.plist */,
				308D15A916EB185A0095957B /* InfoPlist.strings */,
				308D15AC16EB185A0095957B /* main.m */,
				308D15AE16EB185A0095957B /* ios-mems-Prefix.pch */,
			);
			name = "Supporting Files";
			sourceTree = "<group>";
		};
		308D15C316EB18A10095957B /* Application */ = {
			isa = PBXGroup;
			children = (
				8B9DEB2916F1F67F009ECD2F /* iPhone.storyboard */,
				308D15C516EB18A10095957B /* MEAppDelegate.h */,
				308D15C616EB18A10095957B /* MEAppDelegate.m */,
			);
			path = Application;
			sourceTree = "<group>";
		};
		308D15C916EB18E20095957B /* Resources */ = {
			isa = PBXGroup;
			children = (
				308D16D416F0E5020095957B /* EditPhoto */,
				308D163A16ECDAB50095957B /* MemView */,
				308D161816EC64D50095957B /* About */,
				308D160916EB84E70095957B /* Fonts */,
				308D15FB16EB3CF30095957B /* NavigationBar */,
				308D15EB16EB31220095957B /* Catalog */,
				308D15CA16EB18E20095957B /* Splash */,
				308D15CD16EB18E20095957B /* TabBar */,
			);
			path = Resources;
			sourceTree = "<group>";
		};
		308D15CA16EB18E20095957B /* Splash */ = {
			isa = PBXGroup;
			children = (
				308D15CB16EB18E20095957B /* Default.png */,
				308D15CC16EB18E20095957B /* Default@2x.png */,
			);
			path = Splash;
			sourceTree = "<group>";
		};
		308D15CD16EB18E20095957B /* TabBar */ = {
			isa = PBXGroup;
			children = (
				308D15CE16EB18E20095957B /* bar-back.png */,
				308D15CF16EB18E20095957B /* bar-back@2x.png */,
				308D15D016EB18E20095957B /* tab1.png */,
				308D15D116EB18E20095957B /* tab1@2x.png */,
				308D15D216EB18E20095957B /* tab2.png */,
				308D15D316EB18E20095957B /* tab2@2x.png */,
				308D15D416EB18E20095957B /* tab3.png */,
				308D15D516EB18E20095957B /* tab3@2x.png */,
			);
			path = TabBar;
			sourceTree = "<group>";
		};
		308D15E116EB19540095957B /* Controllers */ = {
			isa = PBXGroup;
			children = (
				308D164316ECE6BB0095957B /* Operations */,
				308D15E716EB2FEA0095957B /* Catalog */,
				308D15E316EB19920095957B /* Base */,
			);
			path = Controllers;
			sourceTree = "<group>";
		};
		308D15E216EB19540095957B /* Model */ = {
			isa = PBXGroup;
			children = (
				308D163016ECD12F0095957B /* Mem */,
			);
			path = Model;
			sourceTree = "<group>";
		};
		308D15E316EB19920095957B /* Base */ = {
			isa = PBXGroup;
			children = (
				308D15F816EB3BE90095957B /* BaseNavigationController.h */,
				308D15F916EB3BE90095957B /* BaseNavigationController.m */,
				308D160216EB803D0095957B /* BaseCollectionViewController.h */,
				308D160316EB803D0095957B /* BaseCollectionViewController.m */,
				308D161116EC5AC10095957B /* BaseViewController.h */,
				308D161216EC5AC20095957B /* BaseViewController.m */,
			);
			path = Base;
			sourceTree = "<group>";
		};
		308D15E716EB2FEA0095957B /* Catalog */ = {
			isa = PBXGroup;
			children = (
				308D15E816EB30110095957B /* CatalogViewController.h */,
				308D15E916EB30110095957B /* CatalogViewController.m */,
				308D160E16EC5A570095957B /* AboutViewController.h */,
				308D160F16EC5A570095957B /* AboutViewController.m */,
				308D162D16ECCF0B0095957B /* CategoryMemsViewController.h */,
				308D162E16ECCF0B0095957B /* CategoryMemsViewController.m */,
				308D163716ECD9FF0095957B /* MemViewController.h */,
				308D163816ECD9FF0095957B /* MemViewController.m */,
			);
			path = Catalog;
			sourceTree = "<group>";
		};
		308D15EB16EB31220095957B /* Catalog */ = {
			isa = PBXGroup;
			children = (
				308D15EC16EB312F0095957B /* mem1.png */,
				308D15ED16EB312F0095957B /* mem1@2x.png */,
				308D15EE16EB312F0095957B /* mem2.png */,
				308D15EF16EB312F0095957B /* mem2@2x.png */,
				308D15F016EB312F0095957B /* mem3.png */,
				308D15F116EB312F0095957B /* mem3@2x.png */,
			);
			path = Catalog;
			sourceTree = "<group>";
		};
		308D15FB16EB3CF30095957B /* NavigationBar */ = {
			isa = PBXGroup;
			children = (
				308D161416EC5B980095957B /* back_button.png */,
				308D161516EC5B980095957B /* back_button@2x.png */,
				308D160516EB82080095957B /* photo_button.png */,
				308D160616EB82080095957B /* photo_button@2x.png */,
				308D15FC16EB3CF30095957B /* top_bar.png */,
				308D15FD16EB3CF30095957B /* top_bar@2x.png */,
			);
			path = NavigationBar;
			sourceTree = "<group>";
		};
		308D160916EB84E70095957B /* Fonts */ = {
			isa = PBXGroup;
			children = (
				308D160A16EB84F80095957B /* DOMINO.TTF */,
				308D160B16EB84F80095957B /* v_bd_cartoon_shout_cyr.ttf */,
			);
			path = Fonts;
			sourceTree = "<group>";
		};
		308D161816EC64D50095957B /* About */ = {
			isa = PBXGroup;
			children = (
				308D162916EC68B30095957B /* bg_papper.png */,
				308D162A16EC68B30095957B /* bg_papper@2x.png */,
				308D161916EC64D50095957B /* button_next.png */,
				308D161A16EC64D50095957B /* button_next@2x.png */,
				308D161B16EC64D50095957B /* fb.png */,
				308D161C16EC64D50095957B /* fb@2x.png */,
				308D161D16EC64D50095957B /* footer.png */,
				308D161E16EC64D50095957B /* footer@2x.png */,
				308D161F16EC64D50095957B /* vk.png */,
				308D162016EC64D50095957B /* vk@2x.png */,
			);
			path = About;
			sourceTree = "<group>";
		};
		308D163016ECD12F0095957B /* Mem */ = {
			isa = PBXGroup;
			children = (
				308D163116ECD1410095957B /* MEMem.h */,
				308D163216ECD1410095957B /* MEMem.m */,
				308D163416ECD3320095957B /* MEMemCategory.h */,
				308D163516ECD3320095957B /* MEMemCategory.m */,
			);
			path = Mem;
			sourceTree = "<group>";
		};
		308D163A16ECDAB50095957B /* MemView */ = {
			isa = PBXGroup;
			children = (
				308D163B16ECDAB50095957B /* button-background.png */,
				308D163C16ECDAB50095957B /* button-background@2x.png */,
				308D163D16ECDAB50095957B /* mem.png */,
				308D163E16ECDAB50095957B /* mem@2x.png */,
			);
			path = MemView;
			sourceTree = "<group>";
		};
		308D164316ECE6BB0095957B /* Operations */ = {
			isa = PBXGroup;
			children = (
				308D164416ECE7450095957B /* SelectBackgroundViewController.h */,
				308D164516ECE7450095957B /* SelectBackgroundViewController.m */,
				308D16D116F0E01E0095957B /* EditPhotoViewController.h */,
				308D16D216F0E01E0095957B /* EditPhotoViewController.m */,
			);
			path = Operations;
			sourceTree = "<group>";
		};
		308D16B216EF787A0095957B /* Classes */ = {
			isa = PBXGroup;
			children = (
				308D16CD16F0D91A0095957B /* Categories */,
			);
			path = Classes;
			sourceTree = "<group>";
		};
		308D16B616F0CBF80095957B /* Vendor */ = {
			isa = PBXGroup;
			children = (
				308D16B716F0CBF80095957B /* InfColorPicker */,
			);
			path = Vendor;
			sourceTree = "<group>";
		};
		308D16B716F0CBF80095957B /* InfColorPicker */ = {
			isa = PBXGroup;
			children = (
				308D16B816F0CBF80095957B /* InfColorBarPicker.h */,
				308D16B916F0CBF80095957B /* InfColorBarPicker.m */,
				308D16BA16F0CBF80095957B /* InfColorIndicatorView.h */,
				308D16BB16F0CBF80095957B /* InfColorIndicatorView.m */,
				308D16BC16F0CBF80095957B /* InfColorPicker.h */,
				308D16BD16F0CBF80095957B /* InfColorPickerController.h */,
				308D16BE16F0CBF80095957B /* InfColorPickerController.m */,
				308D16C016F0CBF80095957B /* InfColorSquarePicker.h */,
				308D16C116F0CBF80095957B /* InfColorSquarePicker.m */,
				308D16C216F0CBF80095957B /* InfHSBSupport.h */,
				308D16C316F0CBF80095957B /* InfHSBSupport.m */,
				308D16C416F0CBF80095957B /* InfSourceColorView.h */,
				308D16C516F0CBF80095957B /* InfSourceColorView.m */,
			);
			path = InfColorPicker;
			sourceTree = "<group>";
		};
		308D16CD16F0D91A0095957B /* Categories */ = {
			isa = PBXGroup;
			children = (
				308D16CE16F0D93C0095957B /* UIImage+Blank.h */,
				308D16CF16F0D93C0095957B /* UIImage+Blank.m */,
			);
			path = Categories;
			sourceTree = "<group>";
		};
		308D16D416F0E5020095957B /* EditPhoto */ = {
			isa = PBXGroup;
			children = (
				308D16D516F0E5020095957B /* add_text.png */,
				308D16D616F0E5020095957B /* add_text@2x.png */,
				308D16D716F0E5020095957B /* bg_menu.png */,
				308D16D816F0E5020095957B /* bg_menu@2x.png */,
				308D16D916F0E5020095957B /* edit_photo_footer.png */,
				308D16DA16F0E5020095957B /* edit_photo_footer@2x.png */,
				308D16DB16F0E5020095957B /* edit_photo_navbar.png */,
				308D16DC16F0E5020095957B /* edit_photo_navbar@2x.png */,
				308D16DD16F0E5020095957B /* open_button.png */,
				308D16DE16F0E5020095957B /* open_button@2x.png */,
				308D16DF16F0E5020095957B /* question.png */,
				308D16E016F0E5020095957B /* question@2x.png */,
				308D16E116F0E5020095957B /* recycle.png */,
				308D16E216F0E5020095957B /* recycle@2x.png */,
				308D16E316F0E5020095957B /* refresh_icon.png */,
				308D16E416F0E5020095957B /* refresh_icon@2x.png */,
			);
			path = EditPhoto;
			sourceTree = "<group>";
		};
/* End PBXGroup section */

/* Begin PBXNativeTarget section */
		308D159C16EB185A0095957B /* ios-mems */ = {
			isa = PBXNativeTarget;
			buildConfigurationList = 308D15C016EB185A0095957B /* Build configuration list for PBXNativeTarget "ios-mems" */;
			buildPhases = (
				308D159916EB185A0095957B /* Sources */,
				308D159A16EB185A0095957B /* Frameworks */,
				308D159B16EB185A0095957B /* Resources */,
			);
			buildRules = (
			);
			dependencies = (
			);
			name = "ios-mems";
			productName = "ios-mems";
			productReference = 308D159D16EB185A0095957B /* ios-mems.app */;
			productType = "com.apple.product-type.application";
		};
/* End PBXNativeTarget section */

/* Begin PBXProject section */
		308D159516EB185A0095957B /* Project object */ = {
			isa = PBXProject;
			attributes = {
				CLASSPREFIX = ME;
				LastUpgradeCheck = 0460;
				ORGANIZATIONNAME = "Салахутдинов Данияр";
			};
			buildConfigurationList = 308D159816EB185A0095957B /* Build configuration list for PBXProject "ios-mems" */;
			compatibilityVersion = "Xcode 3.2";
			developmentRegion = English;
			hasScannedForEncodings = 0;
			knownRegions = (
				en,
			);
			mainGroup = 308D159416EB185A0095957B;
			productRefGroup = 308D159E16EB185A0095957B /* Products */;
			projectDirPath = "";
			projectRoot = "";
			targets = (
				308D159C16EB185A0095957B /* ios-mems */,
			);
		};
/* End PBXProject section */

/* Begin PBXResourcesBuildPhase section */
		308D159B16EB185A0095957B /* Resources */ = {
			isa = PBXResourcesBuildPhase;
			buildActionMask = 2147483647;
			files = (
				308D15AB16EB185A0095957B /* InfoPlist.strings in Resources */,
				308D15D616EB18E20095957B /* Default.png in Resources */,
				308D15D716EB18E20095957B /* Default@2x.png in Resources */,
				308D15D816EB18E20095957B /* bar-back.png in Resources */,
				308D15D916EB18E20095957B /* bar-back@2x.png in Resources */,
				308D15DA16EB18E20095957B /* tab1.png in Resources */,
				308D15DB16EB18E20095957B /* tab1@2x.png in Resources */,
				308D15DC16EB18E20095957B /* tab2.png in Resources */,
				308D15DD16EB18E20095957B /* tab2@2x.png in Resources */,
				308D15DE16EB18E20095957B /* tab3.png in Resources */,
				308D15DF16EB18E20095957B /* tab3@2x.png in Resources */,
				308D15F216EB312F0095957B /* mem1.png in Resources */,
				308D15F316EB312F0095957B /* mem1@2x.png in Resources */,
				308D15F416EB312F0095957B /* mem2.png in Resources */,
				308D15F516EB312F0095957B /* mem2@2x.png in Resources */,
				308D15F616EB312F0095957B /* mem3.png in Resources */,
				308D15F716EB312F0095957B /* mem3@2x.png in Resources */,
				308D15FE16EB3CF30095957B /* top_bar.png in Resources */,
				308D15FF16EB3CF30095957B /* top_bar@2x.png in Resources */,
				308D160716EB82080095957B /* photo_button.png in Resources */,
				308D160816EB82080095957B /* photo_button@2x.png in Resources */,
				308D160C16EB84F80095957B /* DOMINO.TTF in Resources */,
				308D160D16EB84F80095957B /* v_bd_cartoon_shout_cyr.ttf in Resources */,
				308D161616EC5B980095957B /* back_button.png in Resources */,
				308D161716EC5B980095957B /* back_button@2x.png in Resources */,
				308D162116EC64D50095957B /* button_next.png in Resources */,
				308D162216EC64D50095957B /* button_next@2x.png in Resources */,
				308D162316EC64D50095957B /* fb.png in Resources */,
				308D162416EC64D50095957B /* fb@2x.png in Resources */,
				308D162516EC64D50095957B /* footer.png in Resources */,
				308D162616EC64D50095957B /* footer@2x.png in Resources */,
				308D162716EC64D50095957B /* vk.png in Resources */,
				308D162816EC64D50095957B /* vk@2x.png in Resources */,
				308D162B16EC68B30095957B /* bg_papper.png in Resources */,
				308D162C16EC68B30095957B /* bg_papper@2x.png in Resources */,
				308D163F16ECDAB50095957B /* button-background.png in Resources */,
				308D164016ECDAB50095957B /* button-background@2x.png in Resources */,
				308D164116ECDAB50095957B /* mem.png in Resources */,
				308D164216ECDAB50095957B /* mem@2x.png in Resources */,
				308D16E516F0E5020095957B /* add_text.png in Resources */,
				308D16E616F0E5020095957B /* add_text@2x.png in Resources */,
				308D16E716F0E5020095957B /* bg_menu.png in Resources */,
				308D16E816F0E5020095957B /* bg_menu@2x.png in Resources */,
				308D16E916F0E5020095957B /* edit_photo_footer.png in Resources */,
				308D16EA16F0E5020095957B /* edit_photo_footer@2x.png in Resources */,
				308D16EB16F0E5020095957B /* edit_photo_navbar.png in Resources */,
				308D16EC16F0E5020095957B /* edit_photo_navbar@2x.png in Resources */,
				308D16ED16F0E5020095957B /* open_button.png in Resources */,
				308D16EE16F0E5020095957B /* open_button@2x.png in Resources */,
				308D16EF16F0E5020095957B /* question.png in Resources */,
				308D16F016F0E5020095957B /* question@2x.png in Resources */,
				308D16F116F0E5020095957B /* recycle.png in Resources */,
				308D16F216F0E5020095957B /* recycle@2x.png in Resources */,
				308D16F316F0E5020095957B /* refresh_icon.png in Resources */,
				308D16F416F0E5020095957B /* refresh_icon@2x.png in Resources */,
				8B9DEB2A16F1F67F009ECD2F /* iPhone.storyboard in Resources */,
			);
			runOnlyForDeploymentPostprocessing = 0;
		};
/* End PBXResourcesBuildPhase section */

/* Begin PBXSourcesBuildPhase section */
		308D159916EB185A0095957B /* Sources */ = {
			isa = PBXSourcesBuildPhase;
			buildActionMask = 2147483647;
			files = (
				308D15AD16EB185A0095957B /* main.m in Sources */,
				308D15C816EB18A10095957B /* MEAppDelegate.m in Sources */,
				308D15EA16EB30110095957B /* CatalogViewController.m in Sources */,
				308D15FA16EB3BE90095957B /* BaseNavigationController.m in Sources */,
				308D160416EB803E0095957B /* BaseCollectionViewController.m in Sources */,
				308D161016EC5A570095957B /* AboutViewController.m in Sources */,
				308D161316EC5AC20095957B /* BaseViewController.m in Sources */,
				308D162F16ECCF0B0095957B /* CategoryMemsViewController.m in Sources */,
				308D163316ECD1410095957B /* MEMem.m in Sources */,
				308D163616ECD3320095957B /* MEMemCategory.m in Sources */,
				308D163916ECD9FF0095957B /* MemViewController.m in Sources */,
				308D164616ECE7450095957B /* SelectBackgroundViewController.m in Sources */,
				308D16C616F0CBF80095957B /* InfColorBarPicker.m in Sources */,
				308D16C716F0CBF80095957B /* InfColorIndicatorView.m in Sources */,
				308D16C816F0CBF80095957B /* InfColorPickerController.m in Sources */,
				308D16CA16F0CBF80095957B /* InfColorSquarePicker.m in Sources */,
				308D16CB16F0CBF80095957B /* InfHSBSupport.m in Sources */,
				308D16CC16F0CBF80095957B /* InfSourceColorView.m in Sources */,
				308D16D016F0D93C0095957B /* UIImage+Blank.m in Sources */,
				308D16D316F0E01E0095957B /* EditPhotoViewController.m in Sources */,
			);
			runOnlyForDeploymentPostprocessing = 0;
		};
/* End PBXSourcesBuildPhase section */

/* Begin PBXVariantGroup section */
		308D15A916EB185A0095957B /* InfoPlist.strings */ = {
			isa = PBXVariantGroup;
			children = (
				308D15AA16EB185A0095957B /* en */,
			);
			name = InfoPlist.strings;
			sourceTree = "<group>";
		};
/* End PBXVariantGroup section */

/* Begin XCBuildConfiguration section */
		308D15BE16EB185A0095957B /* Debug */ = {
			isa = XCBuildConfiguration;
			buildSettings = {
				ALWAYS_SEARCH_USER_PATHS = NO;
				CLANG_CXX_LANGUAGE_STANDARD = "gnu++0x";
				CLANG_CXX_LIBRARY = "libc++";
				CLANG_ENABLE_OBJC_ARC = YES;
				CLANG_WARN_CONSTANT_CONVERSION = YES;
				CLANG_WARN_EMPTY_BODY = YES;
				CLANG_WARN_ENUM_CONVERSION = YES;
				CLANG_WARN_INT_CONVERSION = YES;
				CLANG_WARN__DUPLICATE_METHOD_MATCH = YES;
				"CODE_SIGN_IDENTITY[sdk=iphoneos*]" = "iPhone Developer";
				COPY_PHASE_STRIP = NO;
				GCC_C_LANGUAGE_STANDARD = gnu99;
				GCC_DYNAMIC_NO_PIC = NO;
				GCC_OPTIMIZATION_LEVEL = 0;
				GCC_PREPROCESSOR_DEFINITIONS = (
					"DEBUG=1",
					"$(inherited)",
				);
				GCC_SYMBOLS_PRIVATE_EXTERN = NO;
				GCC_WARN_ABOUT_RETURN_TYPE = YES;
				GCC_WARN_UNINITIALIZED_AUTOS = YES;
				GCC_WARN_UNUSED_VARIABLE = YES;
				IPHONEOS_DEPLOYMENT_TARGET = 6.1;
				ONLY_ACTIVE_ARCH = YES;
				SDKROOT = iphoneos;
			};
			name = Debug;
		};
		308D15BF16EB185A0095957B /* Release */ = {
			isa = XCBuildConfiguration;
			buildSettings = {
				ALWAYS_SEARCH_USER_PATHS = NO;
				CLANG_CXX_LANGUAGE_STANDARD = "gnu++0x";
				CLANG_CXX_LIBRARY = "libc++";
				CLANG_ENABLE_OBJC_ARC = YES;
				CLANG_WARN_CONSTANT_CONVERSION = YES;
				CLANG_WARN_EMPTY_BODY = YES;
				CLANG_WARN_ENUM_CONVERSION = YES;
				CLANG_WARN_INT_CONVERSION = YES;
				CLANG_WARN__DUPLICATE_METHOD_MATCH = YES;
				"CODE_SIGN_IDENTITY[sdk=iphoneos*]" = "iPhone Developer";
				COPY_PHASE_STRIP = YES;
				GCC_C_LANGUAGE_STANDARD = gnu99;
				GCC_WARN_ABOUT_RETURN_TYPE = YES;
				GCC_WARN_UNINITIALIZED_AUTOS = YES;
				GCC_WARN_UNUSED_VARIABLE = YES;
				IPHONEOS_DEPLOYMENT_TARGET = 6.1;
				OTHER_CFLAGS = "-DNS_BLOCK_ASSERTIONS=1";
				SDKROOT = iphoneos;
				VALIDATE_PRODUCT = YES;
			};
			name = Release;
		};
		308D15C116EB185A0095957B /* Debug */ = {
			isa = XCBuildConfiguration;
			buildSettings = {
				GCC_PRECOMPILE_PREFIX_HEADER = YES;
				GCC_PREFIX_HEADER = "ios-mems/ios-mems-Prefix.pch";
				INFOPLIST_FILE = "ios-mems/ios-mems-Info.plist";
				PRODUCT_NAME = "$(TARGET_NAME)";
				WRAPPER_EXTENSION = app;
			};
			name = Debug;
		};
		308D15C216EB185A0095957B /* Release */ = {
			isa = XCBuildConfiguration;
			buildSettings = {
				GCC_PRECOMPILE_PREFIX_HEADER = YES;
				GCC_PREFIX_HEADER = "ios-mems/ios-mems-Prefix.pch";
				INFOPLIST_FILE = "ios-mems/ios-mems-Info.plist";
				PRODUCT_NAME = "$(TARGET_NAME)";
				WRAPPER_EXTENSION = app;
			};
			name = Release;
		};
/* End XCBuildConfiguration section */

/* Begin XCConfigurationList section */
		308D159816EB185A0095957B /* Build configuration list for PBXProject "ios-mems" */ = {
			isa = XCConfigurationList;
			buildConfigurations = (
				308D15BE16EB185A0095957B /* Debug */,
				308D15BF16EB185A0095957B /* Release */,
			);
			defaultConfigurationIsVisible = 0;
			defaultConfigurationName = Release;
		};
		308D15C016EB185A0095957B /* Build configuration list for PBXNativeTarget "ios-mems" */ = {
			isa = XCConfigurationList;
			buildConfigurations = (
				308D15C116EB185A0095957B /* Debug */,
				308D15C216EB185A0095957B /* Release */,
			);
			defaultConfigurationIsVisible = 0;
			defaultConfigurationName = Release;
		};
/* End XCConfigurationList section */
	};
	rootObject = 308D159516EB185A0095957B /* Project object */;
}
